PODS:
  - Capacitor (5.7.8):
    - CapacitorCordova
  - CapacitorApp (5.0.0):
    - Capacitor
  - CapacitorBrowser (5.0.0):
    - Capacitor
  - CapacitorCamera (5.0.10):
    - Capacitor
  - CapacitorCommunityHttp (1.4.1):
    - Capacitor
  - CapacitorCommunitySqlite (5.0.5):
    - Capacitor
    - SQLCipher
    - ZIPFoundation
  - CapacitorCordova (5.7.8)
  - CapacitorHaptics (5.0.0):
    - Capacitor
  - CapacitorKeyboard (5.0.0):
    - Capacitor
  - CapacitorNetwork (5.0.7):
    - Capacitor
  - CapacitorPreferences (5.0.0):
    - Capacitor
  - CapacitorSplashScreen (5.0.0):
    - Capacitor
  - CapacitorStatusBar (5.0.0):
    - Capacitor
  - SQLCipher (4.10.0):
    - SQLCipher/standard (= 4.10.0)
  - SQLCipher/common (4.10.0)
  - SQLCipher/standard (4.10.0):
    - SQLCipher/common
  - ZIPFoundation (0.9.20)

DEPENDENCIES:
  - "Capacitor (from `../../node_modules/@capacitor/ios`)"
  - "CapacitorApp (from `../../node_modules/@capacitor/app`)"
  - "CapacitorBrowser (from `../../node_modules/@capacitor/browser`)"
  - "CapacitorCamera (from `../../node_modules/@capacitor/camera`)"
  - "CapacitorCommunityHttp (from `../../node_modules/@capacitor-community/http`)"
  - "CapacitorCommunitySqlite (from `../../node_modules/@capacitor-community/sqlite`)"
  - "CapacitorCordova (from `../../node_modules/@capacitor/ios`)"
  - "CapacitorHaptics (from `../../node_modules/@capacitor/haptics`)"
  - "CapacitorKeyboard (from `../../node_modules/@capacitor/keyboard`)"
  - "CapacitorNetwork (from `../../node_modules/@capacitor/network`)"
  - "CapacitorPreferences (from `../../node_modules/@capacitor/preferences`)"
  - "CapacitorSplashScreen (from `../../node_modules/@capacitor/splash-screen`)"
  - "CapacitorStatusBar (from `../../node_modules/@capacitor/status-bar`)"

SPEC REPOS:
  trunk:
    - SQLCipher
    - ZIPFoundation

EXTERNAL SOURCES:
  Capacitor:
    :path: "../../node_modules/@capacitor/ios"
  CapacitorApp:
    :path: "../../node_modules/@capacitor/app"
  CapacitorBrowser:
    :path: "../../node_modules/@capacitor/browser"
  CapacitorCamera:
    :path: "../../node_modules/@capacitor/camera"
  CapacitorCommunityHttp:
    :path: "../../node_modules/@capacitor-community/http"
  CapacitorCommunitySqlite:
    :path: "../../node_modules/@capacitor-community/sqlite"
  CapacitorCordova:
    :path: "../../node_modules/@capacitor/ios"
  CapacitorHaptics:
    :path: "../../node_modules/@capacitor/haptics"
  CapacitorKeyboard:
    :path: "../../node_modules/@capacitor/keyboard"
  CapacitorNetwork:
    :path: "../../node_modules/@capacitor/network"
  CapacitorPreferences:
    :path: "../../node_modules/@capacitor/preferences"
  CapacitorSplashScreen:
    :path: "../../node_modules/@capacitor/splash-screen"
  CapacitorStatusBar:
    :path: "../../node_modules/@capacitor/status-bar"

SPEC CHECKSUMS:
  Capacitor: 9686e5711b48a1aa84671ede795d0175848abcba
  CapacitorApp: ce2ac8daaeba375afaed39ad646a8eb38d8628eb
  CapacitorBrowser: 048c7c707408ad600184ff98e721779bc462cdcc
  CapacitorCamera: 916a67c6726fabcc623df79d3f934828f2520103
  CapacitorCommunityHttp: 7eba71da94e070e37a26a60483350285a33e3903
  CapacitorCommunitySqlite: 7976ea4e2c8cdc350259a04229af07023c1f4334
  CapacitorCordova: 31ab98dca2ddcee051027a1afe7e8c85c82f7297
  CapacitorHaptics: be80a6f24c25b52c54a9c9822f515e60ff2f3104
  CapacitorKeyboard: 2f1a28b945e366cfc386d6799cb5ef2f37c27615
  CapacitorNetwork: 6065a93e19f89b937ece8bd6e5b7ba4874e88ef5
  CapacitorPreferences: 835bc729cfe9d4570083c26abf2c36d04129a835
  CapacitorSplashScreen: f7ecba190626d4840a2b762a722d472dc2913590
  CapacitorStatusBar: 41c0fd0b0243afde78994f61b5f3cdaeac2b961f
  SQLCipher: eb79c64049cb002b4e9fcb30edb7979bf4706dfc
  ZIPFoundation: dfd3d681c4053ff7e2f7350bc4e53b5dba3f5351

PODFILE CHECKSUM: 30e94bb8907a9c650d5d434313cc24d704c35429

COCOAPODS: 1.16.2
